
Microsoft Visual Studio Solution File, Format Version 12.00
# Visual Studio Version 16
VisualStudioVersion = 16.0.29020.237
MinimumVisualStudioVersion = 10.0.40219.1
Project("{FAE04EC0-301F-11D3-BF4B-00C04F79EFBC}") = "UniqueActualizacionDatos", "UniqueActualizacionDatos\UniqueActualizacionDatos.csproj", "{77257068-0FAE-4DD1-A6DD-25D9BD6FD272}"
EndProject
Global
	GlobalSection(SolutionConfigurationPlatforms) = preSolution
		Debug|Any CPU = Debug|Any CPU
		Release|Any CPU = Release|Any CPU
	EndGlobalSection
	GlobalSection(ProjectConfigurationPlatforms) = postSolution
		{77257068-0FAE-4DD1-A6DD-25D9BD6FD272}.Debug|Any CPU.ActiveCfg = Debug|Any CPU
		{77257068-0FAE-4DD1-A6DD-25D9BD6FD272}.Debug|Any CPU.Build.0 = Debug|Any CPU
		{77257068-0FAE-4DD1-A6DD-25D9BD6FD272}.Release|Any CPU.ActiveCfg = Release|Any CPU
		{77257068-0FAE-4DD1-A6DD-25D9BD6FD272}.Release|Any CPU.Build.0 = Release|Any CPU
	EndGlobalSection
	GlobalSection(SolutionProperties) = preSolution
		HideSolutionNode = FALSE
	EndGlobalSection
	GlobalSection(ExtensibilityGlobals) = postSolution
		SolutionGuid = {9D297174-CD27-4169-BAB8-9C7083877140}
	EndGlobalSection
EndGlobal
